// !$*UTF8*$!
{
	archiveVersion = 1;
	classes = {
	};
	objectVersion = 56;
	objects = {

/* Begin PBXBuildFile section */
		FA41FF9A2C370FFC00713CD0 /* Extensions.swift in Sources */ = {isa = PBXBuildFile; fileRef = FA41FF992C370FFC00713CD0 /* Extensions.swift */; };
		FA41FF9C2C371DF000713CD0 /* SessionDetailsScreen.swift in Sources */ = {isa = PBXBuildFile; fileRef = FA41FF9B2C371DF000713CD0 /* SessionDetailsScreen.swift */; };
		FA41FF9E2C38F0C300713CD0 /* NewSessionView.swift in Sources */ = {isa = PBXBuildFile; fileRef = FA41FF9D2C38F0C300713CD0 /* NewSessionView.swift */; };
		FA78F2862C364A8100A4ABA5 /* PokerStatsApp.swift in Sources */ = {isa = PBXBuildFile; fileRef = FA78F2852C364A8100A4ABA5 /* PokerStatsApp.swift */; };
		FA78F28A2C364A8400A4ABA5 /* Assets.xcassets in Resources */ = {isa = PBXBuildFile; fileRef = FA78F2892C364A8400A4ABA5 /* Assets.xcassets */; };
		FA78F28D2C364A8400A4ABA5 /* Preview Assets.xcassets in Resources */ = {isa = PBXBuildFile; fileRef = FA78F28C2C364A8400A4ABA5 /* Preview Assets.xcassets */; };
		FA78F2952C364AC800A4ABA5 /* StoreModel.swift in Sources */ = {isa = PBXBuildFile; fileRef = FA78F2942C364AC800A4ABA5 /* StoreModel.swift */; };
		FA78F2982C36549A00A4ABA5 /* SessionsScreen.swift in Sources */ = {isa = PBXBuildFile; fileRef = FA78F2972C36549A00A4ABA5 /* SessionsScreen.swift */; };
/* End PBXBuildFile section */

/* Begin PBXFileReference section */
		FA41FF992C370FFC00713CD0 /* Extensions.swift */ = {isa = PBXFileReference; lastKnownFileType = sourcecode.swift; path = Extensions.swift; sourceTree = "<group>"; };
		FA41FF9B2C371DF000713CD0 /* SessionDetailsScreen.swift */ = {isa = PBXFileReference; lastKnownFileType = sourcecode.swift; path = SessionDetailsScreen.swift; sourceTree = "<group>"; };
		FA41FF9D2C38F0C300713CD0 /* NewSessionView.swift */ = {isa = PBXFileReference; lastKnownFileType = sourcecode.swift; path = NewSessionView.swift; sourceTree = "<group>"; };
		FA78F2822C364A8100A4ABA5 /* PokerStats.app */ = {isa = PBXFileReference; explicitFileType = wrapper.application; includeInIndex = 0; path = PokerStats.app; sourceTree = BUILT_PRODUCTS_DIR; };
		FA78F2852C364A8100A4ABA5 /* PokerStatsApp.swift */ = {isa = PBXFileReference; lastKnownFileType = sourcecode.swift; path = PokerStatsApp.swift; sourceTree = "<group>"; };
		FA78F2892C364A8400A4ABA5 /* Assets.xcassets */ = {isa = PBXFileReference; lastKnownFileType = folder.assetcatalog; path = Assets.xcassets; sourceTree = "<group>"; };
		FA78F28C2C364A8400A4ABA5 /* Preview Assets.xcassets */ = {isa = PBXFileReference; lastKnownFileType = folder.assetcatalog; path = "Preview Assets.xcassets"; sourceTree = "<group>"; };
		FA78F2942C364AC800A4ABA5 /* StoreModel.swift */ = {isa = PBXFileReference; lastKnownFileType = sourcecode.swift; path = StoreModel.swift; sourceTree = "<group>"; };
		FA78F2972C36549A00A4ABA5 /* SessionsScreen.swift */ = {isa = PBXFileReference; lastKnownFileType = sourcecode.swift; path = SessionsScreen.swift; sourceTree = "<group>"; };
/* End PBXFileReference section */

/* Begin PBXFrameworksBuildPhase section */
		FA78F27F2C364A8100A4ABA5 /* Frameworks */ = {
			isa = PBXFrameworksBuildPhase;
			buildActionMask = 2147483647;
			files = (
			);
			runOnlyForDeploymentPostprocessing = 0;
		};
/* End PBXFrameworksBuildPhase section */

/* Begin PBXGroup section */
		FA41FF982C370FDF00713CD0 /* Extensions */ = {
			isa = PBXGroup;
			children = (
				FA41FF992C370FFC00713CD0 /* Extensions.swift */,
			);
			path = Extensions;
			sourceTree = "<group>";
		};
		FA78F2792C364A8100A4ABA5 = {
			isa = PBXGroup;
			children = (
				FA78F2842C364A8100A4ABA5 /* PokerStats */,
				FA78F2832C364A8100A4ABA5 /* Products */,
			);
			sourceTree = "<group>";
		};
		FA78F2832C364A8100A4ABA5 /* Products */ = {
			isa = PBXGroup;
			children = (
				FA78F2822C364A8100A4ABA5 /* PokerStats.app */,
			);
			name = Products;
			sourceTree = "<group>";
		};
		FA78F2842C364A8100A4ABA5 /* PokerStats */ = {
			isa = PBXGroup;
			children = (
				FA41FF982C370FDF00713CD0 /* Extensions */,
				FA78F2962C36548A00A4ABA5 /* Screens */,
				FA78F2932C364ABF00A4ABA5 /* Models */,
				FA78F2852C364A8100A4ABA5 /* PokerStatsApp.swift */,
				FA78F2892C364A8400A4ABA5 /* Assets.xcassets */,
				FA78F28B2C364A8400A4ABA5 /* Preview Content */,
			);
			path = PokerStats;
			sourceTree = "<group>";
		};
		FA78F28B2C364A8400A4ABA5 /* Preview Content */ = {
			isa = PBXGroup;
			children = (
				FA78F28C2C364A8400A4ABA5 /* Preview Assets.xcassets */,
			);
			path = "Preview Content";
			sourceTree = "<group>";
		};
		FA78F2932C364ABF00A4ABA5 /* Models */ = {
			isa = PBXGroup;
			children = (
				FA78F2942C364AC800A4ABA5 /* StoreModel.swift */,
			);
			path = Models;
			sourceTree = "<group>";
		};
		FA78F2962C36548A00A4ABA5 /* Screens */ = {
			isa = PBXGroup;
			children = (
				FA78F2972C36549A00A4ABA5 /* SessionsScreen.swift */,
				FA41FF9B2C371DF000713CD0 /* SessionDetailsScreen.swift */,
				FA41FF9D2C38F0C300713CD0 /* NewSessionView.swift */,
			);
			path = Screens;
			sourceTree = "<group>";
		};
/* End PBXGroup section */

/* Begin PBXNativeTarget section */
		FA78F2812C364A8100A4ABA5 /* PokerStats */ = {
			isa = PBXNativeTarget;
			buildConfigurationList = FA78F2902C364A8400A4ABA5 /* Build configuration list for PBXNativeTarget "PokerStats" */;
			buildPhases = (
				FA78F27E2C364A8100A4ABA5 /* Sources */,
				FA78F27F2C364A8100A4ABA5 /* Frameworks */,
				FA78F2802C364A8100A4ABA5 /* Resources */,
			);
			buildRules = (
			);
			dependencies = (
			);
			name = PokerStats;
			productName = PokerStats;
			productReference = FA78F2822C364A8100A4ABA5 /* PokerStats.app */;
			productType = "com.apple.product-type.application";
		};
/* End PBXNativeTarget section */

/* Begin PBXProject section */
		FA78F27A2C364A8100A4ABA5 /* Project object */ = {
			isa = PBXProject;
			attributes = {
				BuildIndependentTargetsInParallel = 1;
				LastSwiftUpdateCheck = 1540;
				LastUpgradeCheck = 1540;
				TargetAttributes = {
					FA78F2812C364A8100A4ABA5 = {
						CreatedOnToolsVersion = 15.4;
					};
				};
			};
			buildConfigurationList = FA78F27D2C364A8100A4ABA5 /* Build configuration list for PBXProject "PokerStats" */;
			compatibilityVersion = "Xcode 14.0";
			developmentRegion = en;
			hasScannedForEncodings = 0;
			knownRegions = (
				en,
				Base,
			);
			mainGroup = FA78F2792C364A8100A4ABA5;
			productRefGroup = FA78F2832C364A8100A4ABA5 /* Products */;
			projectDirPath = "";
			projectRoot = "";
			targets = (
				FA78F2812C364A8100A4ABA5 /* PokerStats */,
			);
		};
/* End PBXProject section */

/* Begin PBXResourcesBuildPhase section */
		FA78F2802C364A8100A4ABA5 /* Resources */ = {
			isa = PBXResourcesBuildPhase;
			buildActionMask = 2147483647;
			files = (
				FA78F28D2C364A8400A4ABA5 /* Preview Assets.xcassets in Resources */,
				FA78F28A2C364A8400A4ABA5 /* Assets.xcassets in Resources */,
			);
			runOnlyForDeploymentPostprocessing = 0;
		};
/* End PBXResourcesBuildPhase section */

/* Begin PBXSourcesBuildPhase section */
		FA78F27E2C364A8100A4ABA5 /* Sources */ = {
			isa = PBXSourcesBuildPhase;
			buildActionMask = 2147483647;
			files = (
				FA41FF9E2C38F0C300713CD0 /* NewSessionView.swift in Sources */,
				FA41FF9C2C371DF000713CD0 /* SessionDetailsScreen.swift in Sources */,
				FA78F2862C364A8100A4ABA5 /* PokerStatsApp.swift in Sources */,
				FA78F2982C36549A00A4ABA5 /* SessionsScreen.swift in Sources */,
				FA41FF9A2C370FFC00713CD0 /* Extensions.swift in Sources */,
				FA78F2952C364AC800A4ABA5 /* StoreModel.swift in Sources */,
			);
			runOnlyForDeploymentPostprocessing = 0;
		};
/* End PBXSourcesBuildPhase section */

/* Begin XCBuildConfiguration section */
		FA78F28E2C364A8400A4ABA5 /* Debug */ = {
			isa = XCBuildConfiguration;
			buildSettings = {
				ALWAYS_SEARCH_USER_PATHS = NO;
				ASSETCATALOG_COMPILER_GENERATE_SWIFT_ASSET_SYMBOL_EXTENSIONS = YES;
				CLANG_ANALYZER_NONNULL = YES;
				CLANG_ANALYZER_NUMBER_OBJECT_CONVERSION = YES_AGGRESSIVE;
				CLANG_CXX_LANGUAGE_STANDARD = "gnu++20";
				CLANG_ENABLE_MODULES = YES;
				CLANG_ENABLE_OBJC_ARC = YES;
				CLANG_ENABLE_OBJC_WEAK = YES;
				CLANG_WARN_BLOCK_CAPTURE_AUTORELEASING = YES;
				CLANG_WARN_BOOL_CONVERSION = YES;
				CLANG_WARN_COMMA = YES;
				CLANG_WARN_CONSTANT_CONVERSION = YES;
				CLANG_WARN_DEPRECATED_OBJC_IMPLEMENTATIONS = YES;
				CLANG_WARN_DIRECT_OBJC_ISA_USAGE = YES_ERROR;
				CLANG_WARN_DOCUMENTATION_COMMENTS = YES;
				CLANG_WARN_EMPTY_BODY = YES;
				CLANG_WARN_ENUM_CONVERSION = YES;
				CLANG_WARN_INFINITE_RECURSION = YES;
				CLANG_WARN_INT_CONVERSION = YES;
				CLANG_WARN_NON_LITERAL_NULL_CONVERSION = YES;
				CLANG_WARN_OBJC_IMPLICIT_RETAIN_SELF = YES;
				CLANG_WARN_OBJC_LITERAL_CONVERSION = YES;
				CLANG_WARN_OBJC_ROOT_CLASS = YES_ERROR;
				CLANG_WARN_QUOTED_INCLUDE_IN_FRAMEWORK_HEADER = YES;
				CLANG_WARN_RANGE_LOOP_ANALYSIS = YES;
				CLANG_WARN_STRICT_PROTOTYPES = YES;
				CLANG_WARN_SUSPICIOUS_MOVE = YES;
				CLANG_WARN_UNGUARDED_AVAILABILITY = YES_AGGRESSIVE;
				CLANG_WARN_UNREACHABLE_CODE = YES;
				CLANG_WARN__DUPLICATE_METHOD_MATCH = YES;
				COPY_PHASE_STRIP = NO;
				DEBUG_INFORMATION_FORMAT = dwarf;
				ENABLE_STRICT_OBJC_MSGSEND = YES;
				ENABLE_TESTABILITY = YES;
				ENABLE_USER_SCRIPT_SANDBOXING = YES;
				GCC_C_LANGUAGE_STANDARD = gnu17;
				GCC_DYNAMIC_NO_PIC = NO;
				GCC_NO_COMMON_BLOCKS = YES;
				GCC_OPTIMIZATION_LEVEL = 0;
				GCC_PREPROCESSOR_DEFINITIONS = (
					"DEBUG=1",
					"$(inherited)",
				);
				GCC_WARN_64_TO_32_BIT_CONVERSION = YES;
				GCC_WARN_ABOUT_RETURN_TYPE = YES_ERROR;
				GCC_WARN_UNDECLARED_SELECTOR = YES;
				GCC_WARN_UNINITIALIZED_AUTOS = YES_AGGRESSIVE;
				GCC_WARN_UNUSED_FUNCTION = YES;
				GCC_WARN_UNUSED_VARIABLE = YES;
				IPHONEOS_DEPLOYMENT_TARGET = 17.5;
				LOCALIZATION_PREFERS_STRING_CATALOGS = YES;
				MTL_ENABLE_DEBUG_INFO = INCLUDE_SOURCE;
				MTL_FAST_MATH = YES;
				ONLY_ACTIVE_ARCH = YES;
				SDKROOT = iphoneos;
				SWIFT_ACTIVE_COMPILATION_CONDITIONS = "DEBUG $(inherited)";
				SWIFT_OPTIMIZATION_LEVEL = "-Onone";
			};
			name = Debug;
		};
		FA78F28F2C364A8400A4ABA5 /* Release */ = {
			isa = XCBuildConfiguration;
			buildSettings = {
				ALWAYS_SEARCH_USER_PATHS = NO;
				ASSETCATALOG_COMPILER_GENERATE_SWIFT_ASSET_SYMBOL_EXTENSIONS = YES;
				CLANG_ANALYZER_NONNULL = YES;
				CLANG_ANALYZER_NUMBER_OBJECT_CONVERSION = YES_AGGRESSIVE;
				CLANG_CXX_LANGUAGE_STANDARD = "gnu++20";
				CLANG_ENABLE_MODULES = YES;
				CLANG_ENABLE_OBJC_ARC = YES;
				CLANG_ENABLE_OBJC_WEAK = YES;
				CLANG_WARN_BLOCK_CAPTURE_AUTORELEASING = YES;
				CLANG_WARN_BOOL_CONVERSION = YES;
				CLANG_WARN_COMMA = YES;
				CLANG_WARN_CONSTANT_CONVERSION = YES;
				CLANG_WARN_DEPRECATED_OBJC_IMPLEMENTATIONS = YES;
				CLANG_WARN_DIRECT_OBJC_ISA_USAGE = YES_ERROR;
				CLANG_WARN_DOCUMENTATION_COMMENTS = YES;
				CLANG_WARN_EMPTY_BODY = YES;
				CLANG_WARN_ENUM_CONVERSION = YES;
				CLANG_WARN_INFINITE_RECURSION = YES;
				CLANG_WARN_INT_CONVERSION = YES;
				CLANG_WARN_NON_LITERAL_NULL_CONVERSION = YES;
				CLANG_WARN_OBJC_IMPLICIT_RETAIN_SELF = YES;
				CLANG_WARN_OBJC_LITERAL_CONVERSION = YES;
				CLANG_WARN_OBJC_ROOT_CLASS = YES_ERROR;
				CLANG_WARN_QUOTED_INCLUDE_IN_FRAMEWORK_HEADER = YES;
				CLANG_WARN_RANGE_LOOP_ANALYSIS = YES;
				CLANG_WARN_STRICT_PROTOTYPES = YES;
				CLANG_WARN_SUSPICIOUS_MOVE = YES;
				CLANG_WARN_UNGUARDED_AVAILABILITY = YES_AGGRESSIVE;
				CLANG_WARN_UNREACHABLE_CODE = YES;
				CLANG_WARN__DUPLICATE_METHOD_MATCH = YES;
				COPY_PHASE_STRIP = NO;
				DEBUG_INFORMATION_FORMAT = "dwarf-with-dsym";
				ENABLE_NS_ASSERTIONS = NO;
				ENABLE_STRICT_OBJC_MSGSEND = YES;
				ENABLE_USER_SCRIPT_SANDBOXING = YES;
				GCC_C_LANGUAGE_STANDARD = gnu17;
				GCC_NO_COMMON_BLOCKS = YES;
				GCC_WARN_64_TO_32_BIT_CONVERSION = YES;
				GCC_WARN_ABOUT_RETURN_TYPE = YES_ERROR;
				GCC_WARN_UNDECLARED_SELECTOR = YES;
				GCC_WARN_UNINITIALIZED_AUTOS = YES_AGGRESSIVE;
				GCC_WARN_UNUSED_FUNCTION = YES;
				GCC_WARN_UNUSED_VARIABLE = YES;
				IPHONEOS_DEPLOYMENT_TARGET = 17.5;
				LOCALIZATION_PREFERS_STRING_CATALOGS = YES;
				MTL_ENABLE_DEBUG_INFO = NO;
				MTL_FAST_MATH = YES;
				SDKROOT = iphoneos;
				SWIFT_COMPILATION_MODE = wholemodule;
				VALIDATE_PRODUCT = YES;
			};
			name = Release;
		};
		FA78F2912C364A8400A4ABA5 /* Debug */ = {
			isa = XCBuildConfiguration;
			buildSettings = {
				ASSETCATALOG_COMPILER_APPICON_NAME = AppIcon;
				ASSETCATALOG_COMPILER_GLOBAL_ACCENT_COLOR_NAME = AccentColor;
				CODE_SIGN_STYLE = Automatic;
				CURRENT_PROJECT_VERSION = 1;
				DEVELOPMENT_ASSET_PATHS = "\"PokerStats/Preview Content\"";
				DEVELOPMENT_TEAM = 2RWD527YLU;
				ENABLE_PREVIEWS = YES;
				GENERATE_INFOPLIST_FILE = YES;
				INFOPLIST_KEY_UIApplicationSceneManifest_Generation = YES;
				INFOPLIST_KEY_UIApplicationSupportsIndirectInputEvents = YES;
				INFOPLIST_KEY_UILaunchScreen_Generation = YES;
				INFOPLIST_KEY_UISupportedInterfaceOrientations_iPad = "UIInterfaceOrientationPortrait UIInterfaceOrientationPortraitUpsideDown UIInterfaceOrientationLandscapeLeft UIInterfaceOrientationLandscapeRight";
				INFOPLIST_KEY_UISupportedInterfaceOrientations_iPhone = "UIInterfaceOrientationPortrait UIInterfaceOrientationLandscapeLeft UIInterfaceOrientationLandscapeRight";
				LD_RUNPATH_SEARCH_PATHS = (
					"$(inherited)",
					"@executable_path/Frameworks",
				);
				MARKETING_VERSION = 1.0;
				PRODUCT_BUNDLE_IDENTIFIER = deverdev.PokerStats;
				PRODUCT_NAME = "$(TARGET_NAME)";
				SWIFT_EMIT_LOC_STRINGS = YES;
				SWIFT_VERSION = 5.0;
				TARGETED_DEVICE_FAMILY = "1,2";
			};
			name = Debug;
		};
		FA78F2922C364A8400A4ABA5 /* Release */ = {
			isa = XCBuildConfiguration;
			buildSettings = {
				ASSETCATALOG_COMPILER_APPICON_NAME = AppIcon;
				ASSETCATALOG_COMPILER_GLOBAL_ACCENT_COLOR_NAME = AccentColor;
				CODE_SIGN_STYLE = Automatic;
				CURRENT_PROJECT_VERSION = 1;
				DEVELOPMENT_ASSET_PATHS = "\"PokerStats/Preview Content\"";
				DEVELOPMENT_TEAM = 2RWD527YLU;
				ENABLE_PREVIEWS = YES;
				GENERATE_INFOPLIST_FILE = YES;
				INFOPLIST_KEY_UIApplicationSceneManifest_Generation = YES;
				INFOPLIST_KEY_UIApplicationSupportsIndirectInputEvents = YES;
				INFOPLIST_KEY_UILaunchScreen_Generation = YES;
				INFOPLIST_KEY_UISupportedInterfaceOrientations_iPad = "UIInterfaceOrientationPortrait UIInterfaceOrientationPortraitUpsideDown UIInterfaceOrientationLandscapeLeft UIInterfaceOrientationLandscapeRight";
				INFOPLIST_KEY_UISupportedInterfaceOrientations_iPhone = "UIInterfaceOrientationPortrait UIInterfaceOrientationLandscapeLeft UIInterfaceOrientationLandscapeRight";
				LD_RUNPATH_SEARCH_PATHS = (
					"$(inherited)",
					"@executable_path/Frameworks",
				);
				MARKETING_VERSION = 1.0;
				PRODUCT_BUNDLE_IDENTIFIER = deverdev.PokerStats;
				PRODUCT_NAME = "$(TARGET_NAME)";
				SWIFT_EMIT_LOC_STRINGS = YES;
				SWIFT_VERSION = 5.0;
				TARGETED_DEVICE_FAMILY = "1,2";
			};
			name = Release;
		};
/* End XCBuildConfiguration section */

/* Begin XCConfigurationList section */
		FA78F27D2C364A8100A4ABA5 /* Build configuration list for PBXProject "PokerStats" */ = {
			isa = XCConfigurationList;
			buildConfigurations = (
				FA78F28E2C364A8400A4ABA5 /* Debug */,
				FA78F28F2C364A8400A4ABA5 /* Release */,
			);
			defaultConfigurationIsVisible = 0;
			defaultConfigurationName = Release;
		};
		FA78F2902C364A8400A4ABA5 /* Build configuration list for PBXNativeTarget "PokerStats" */ = {
			isa = XCConfigurationList;
			buildConfigurations = (
				FA78F2912C364A8400A4ABA5 /* Debug */,
				FA78F2922C364A8400A4ABA5 /* Release */,
			);
			defaultConfigurationIsVisible = 0;
			defaultConfigurationName = Release;
		};
/* End XCConfigurationList section */
	};
	rootObject = FA78F27A2C364A8100A4ABA5 /* Project object */;
}
